// !$*UTF8*$!
{
	archiveVersion = 1;
	classes = {
	};
	objectVersion = 50;
	objects = {

/* Begin PBXBuildFile section */
		84994F6D25B5C3F200E22823 /* AppDelegate.swift in Sources */ = {isa = PBXBuildFile; fileRef = 84994F6C25B5C3F200E22823 /* AppDelegate.swift */; };
		84994F6F25B5C3F200E22823 /* SceneDelegate.swift in Sources */ = {isa = PBXBuildFile; fileRef = 84994F6E25B5C3F200E22823 /* SceneDelegate.swift */; };
		84994F7125B5C3F200E22823 /* CarouselView.swift in Sources */ = {isa = PBXBuildFile; fileRef = 84994F7025B5C3F200E22823 /* CarouselView.swift */; };
		84994F7325B5C3F300E22823 /* Assets.xcassets in Resources */ = {isa = PBXBuildFile; fileRef = 84994F7225B5C3F300E22823 /* Assets.xcassets */; };
		84994F7625B5C3F300E22823 /* Preview Assets.xcassets in Resources */ = {isa = PBXBuildFile; fileRef = 84994F7525B5C3F300E22823 /* Preview Assets.xcassets */; };
		84994F7925B5C3F300E22823 /* LaunchScreen.storyboard in Resources */ = {isa = PBXBuildFile; fileRef = 84994F7725B5C3F300E22823 /* LaunchScreen.storyboard */; };
		84BEFF6825B86182000529DC /* Carousel Slider Modifier.swift in Sources */ = {isa = PBXBuildFile; fileRef = 84BEFF6725B86182000529DC /* Carousel Slider Modifier.swift */; };
		84F0E6F825B889E9003A9FDF /* Carousel Images.json in Resources */ = {isa = PBXBuildFile; fileRef = 84F0E6F725B889E9003A9FDF /* Carousel Images.json */; };
		84F0E6FB25B88A13003A9FDF /* CarouselMovies.swift in Sources */ = {isa = PBXBuildFile; fileRef = 84F0E6FA25B88A13003A9FDF /* CarouselMovies.swift */; };
		84F0E6FE25B88B13003A9FDF /* Movies.swift in Sources */ = {isa = PBXBuildFile; fileRef = 84F0E6FD25B88B13003A9FDF /* Movies.swift */; };
		84F0E70125B88BA6003A9FDF /* Data From JSON.swift in Sources */ = {isa = PBXBuildFile; fileRef = 84F0E70025B88BA6003A9FDF /* Data From JSON.swift */; };
/* End PBXBuildFile section */

/* Begin PBXFileReference section */
		84994F6925B5C3F200E22823 /* Movies Carousel.app */ = {isa = PBXFileReference; explicitFileType = wrapper.application; includeInIndex = 0; path = "Movies Carousel.app"; sourceTree = BUILT_PRODUCTS_DIR; };
		84994F6C25B5C3F200E22823 /* AppDelegate.swift */ = {isa = PBXFileReference; lastKnownFileType = sourcecode.swift; path = AppDelegate.swift; sourceTree = "<group>"; };
		84994F6E25B5C3F200E22823 /* SceneDelegate.swift */ = {isa = PBXFileReference; lastKnownFileType = sourcecode.swift; path = SceneDelegate.swift; sourceTree = "<group>"; };
		84994F7025B5C3F200E22823 /* CarouselView.swift */ = {isa = PBXFileReference; lastKnownFileType = sourcecode.swift; path = CarouselView.swift; sourceTree = "<group>"; };
		84994F7225B5C3F300E22823 /* Assets.xcassets */ = {isa = PBXFileReference; lastKnownFileType = folder.assetcatalog; path = Assets.xcassets; sourceTree = "<group>"; };
		84994F7525B5C3F300E22823 /* Preview Assets.xcassets */ = {isa = PBXFileReference; lastKnownFileType = folder.assetcatalog; path = "Preview Assets.xcassets"; sourceTree = "<group>"; };
		84994F7825B5C3F300E22823 /* Base */ = {isa = PBXFileReference; lastKnownFileType = file.storyboard; name = Base; path = Base.lproj/LaunchScreen.storyboard; sourceTree = "<group>"; };
		84994F7A25B5C3F300E22823 /* Info.plist */ = {isa = PBXFileReference; lastKnownFileType = text.plist.xml; path = Info.plist; sourceTree = "<group>"; };
		84BEFF6725B86182000529DC /* Carousel Slider Modifier.swift */ = {isa = PBXFileReference; lastKnownFileType = sourcecode.swift; path = "Carousel Slider Modifier.swift"; sourceTree = "<group>"; };
		84F0E6F725B889E9003A9FDF /* Carousel Images.json */ = {isa = PBXFileReference; fileEncoding = 4; lastKnownFileType = text.json; path = "Carousel Images.json"; sourceTree = "<group>"; };
		84F0E6FA25B88A13003A9FDF /* CarouselMovies.swift */ = {isa = PBXFileReference; lastKnownFileType = sourcecode.swift; path = CarouselMovies.swift; sourceTree = "<group>"; };
		84F0E6FD25B88B13003A9FDF /* Movies.swift */ = {isa = PBXFileReference; lastKnownFileType = sourcecode.swift; path = Movies.swift; sourceTree = "<group>"; };
		84F0E70025B88BA6003A9FDF /* Data From JSON.swift */ = {isa = PBXFileReference; lastKnownFileType = sourcecode.swift; path = "Data From JSON.swift"; sourceTree = "<group>"; };
/* End PBXFileReference section */

/* Begin PBXFrameworksBuildPhase section */
		84994F6625B5C3F200E22823 /* Frameworks */ = {
			isa = PBXFrameworksBuildPhase;
			buildActionMask = 2147483647;
			files = (
			);
			runOnlyForDeploymentPostprocessing = 0;
		};
/* End PBXFrameworksBuildPhase section */

/* Begin PBXGroup section */
		84994F6025B5C3F200E22823 = {
			isa = PBXGroup;
			children = (
				84994F6B25B5C3F200E22823 /* Movies Carousel */,
				84994F6A25B5C3F200E22823 /* Products */,
			);
			sourceTree = "<group>";
		};
		84994F6A25B5C3F200E22823 /* Products */ = {
			isa = PBXGroup;
			children = (
				84994F6925B5C3F200E22823 /* Movies Carousel.app */,
			);
			name = Products;
			sourceTree = "<group>";
		};
		84994F6B25B5C3F200E22823 /* Movies Carousel */ = {
			isa = PBXGroup;
			children = (
				84994F6C25B5C3F200E22823 /* AppDelegate.swift */,
				84994F6E25B5C3F200E22823 /* SceneDelegate.swift */,
				84FDBCF925B8981500EC63B2 /* View */,
				84FDBCFB25B8982100EC63B2 /* Data */,
				84994F7225B5C3F300E22823 /* Assets.xcassets */,
				84994F7725B5C3F300E22823 /* LaunchScreen.storyboard */,
				84F0E6F725B889E9003A9FDF /* Carousel Images.json */,
				84994F7A25B5C3F300E22823 /* Info.plist */,
				84994F7425B5C3F300E22823 /* Preview Content */,
			);
			path = "Movies Carousel";
			sourceTree = "<group>";
		};
		84994F7425B5C3F300E22823 /* Preview Content */ = {
			isa = PBXGroup;
			children = (
				84994F7525B5C3F300E22823 /* Preview Assets.xcassets */,
			);
			path = "Preview Content";
			sourceTree = "<group>";
		};
		84FDBCF925B8981500EC63B2 /* View */ = {
			isa = PBXGroup;
			children = (
				84994F7025B5C3F200E22823 /* CarouselView.swift */,
				84F0E6FA25B88A13003A9FDF /* CarouselMovies.swift */,
				84BEFF6725B86182000529DC /* Carousel Slider Modifier.swift */,
			);
			path = View;
			sourceTree = "<group>";
		};
		84FDBCFB25B8982100EC63B2 /* Data */ = {
			isa = PBXGroup;
			children = (
				84F0E6FD25B88B13003A9FDF /* Movies.swift */,
				84F0E70025B88BA6003A9FDF /* Data From JSON.swift */,
			);
			path = Data;
			sourceTree = "<group>";
		};
/* End PBXGroup section */

/* Begin PBXNativeTarget section */
		84994F6825B5C3F200E22823 /* Movies Carousel */ = {
			isa = PBXNativeTarget;
			buildConfigurationList = 84994F7D25B5C3F300E22823 /* Build configuration list for PBXNativeTarget "Movies Carousel" */;
			buildPhases = (
				84994F6525B5C3F200E22823 /* Sources */,
				84994F6625B5C3F200E22823 /* Frameworks */,
				84994F6725B5C3F200E22823 /* Resources */,
			);
			buildRules = (
			);
			dependencies = (
			);
			name = "Movies Carousel";
			productName = "Movies Carousel";
			productReference = 84994F6925B5C3F200E22823 /* Movies Carousel.app */;
			productType = "com.apple.product-type.application";
		};
/* End PBXNativeTarget section */

/* Begin PBXProject section */
		84994F6125B5C3F200E22823 /* Project object */ = {
			isa = PBXProject;
			attributes = {
				LastSwiftUpdateCheck = 1230;
				LastUpgradeCheck = 1230;
				TargetAttributes = {
					84994F6825B5C3F200E22823 = {
						CreatedOnToolsVersion = 12.3;
					};
				};
			};
			buildConfigurationList = 84994F6425B5C3F200E22823 /* Build configuration list for PBXProject "Movies Carousel" */;
			compatibilityVersion = "Xcode 9.3";
			developmentRegion = en;
			hasScannedForEncodings = 0;
			knownRegions = (
				en,
				Base,
			);
			mainGroup = 84994F6025B5C3F200E22823;
			productRefGroup = 84994F6A25B5C3F200E22823 /* Products */;
			projectDirPath = "";
			projectRoot = "";
			targets = (
				84994F6825B5C3F200E22823 /* Movies Carousel */,
			);
		};
/* End PBXProject section */

/* Begin PBXResourcesBuildPhase section */
		84994F6725B5C3F200E22823 /* Resources */ = {
			isa = PBXResourcesBuildPhase;
			buildActionMask = 2147483647;
			files = (
				84F0E6F825B889E9003A9FDF /* Carousel Images.json in Resources */,
				84994F7925B5C3F300E22823 /* LaunchScreen.storyboard in Resources */,
				84994F7625B5C3F300E22823 /* Preview Assets.xcassets in Resources */,
				84994F7325B5C3F300E22823 /* Assets.xcassets in Resources */,
			);
			runOnlyForDeploymentPostprocessing = 0;
		};
/* End PBXResourcesBuildPhase section */

/* Begin PBXSourcesBuildPhase section */
		84994F6525B5C3F200E22823 /* Sources */ = {
			isa = PBXSourcesBuildPhase;
			buildActionMask = 2147483647;
			files = (
				84F0E70125B88BA6003A9FDF /* Data From JSON.swift in Sources */,
				84BEFF6825B86182000529DC /* Carousel Slider Modifier.swift in Sources */,
				84994F6D25B5C3F200E22823 /* AppDelegate.swift in Sources */,
				84F0E6FE25B88B13003A9FDF /* Movies.swift in Sources */,
				84F0E6FB25B88A13003A9FDF /* CarouselMovies.swift in Sources */,
				84994F6F25B5C3F200E22823 /* SceneDelegate.swift in Sources */,
				84994F7125B5C3F200E22823 /* CarouselView.swift in Sources */,
			);
			runOnlyForDeploymentPostprocessing = 0;
		};
/* End PBXSourcesBuildPhase section */

/* Begin PBXVariantGroup section */
		84994F7725B5C3F300E22823 /* LaunchScreen.storyboard */ = {
			isa = PBXVariantGroup;
			children = (
				84994F7825B5C3F300E22823 /* Base */,
			);
			name = LaunchScreen.storyboard;
			sourceTree = "<group>";
		};
/* End PBXVariantGroup section */

/* Begin XCBuildConfiguration section */
		84994F7B25B5C3F300E22823 /* Debug */ = {
			isa = XCBuildConfiguration;
			buildSettings = {
				ALWAYS_SEARCH_USER_PATHS = NO;
				CLANG_ANALYZER_NONNULL = YES;
				CLANG_ANALYZER_NUMBER_OBJECT_CONVERSION = YES_AGGRESSIVE;
				CLANG_CXX_LANGUAGE_STANDARD = "gnu++14";
				CLANG_CXX_LIBRARY = "libc++";
				CLANG_ENABLE_MODULES = YES;
				CLANG_ENABLE_OBJC_ARC = YES;
				CLANG_ENABLE_OBJC_WEAK = YES;
				CLANG_WARN_BLOCK_CAPTURE_AUTORELEASING = YES;
				CLANG_WARN_BOOL_CONVERSION = YES;
				CLANG_WARN_COMMA = YES;
				CLANG_WARN_CONSTANT_CONVERSION = YES;
				CLANG_WARN_DEPRECATED_OBJC_IMPLEMENTATIONS = YES;
				CLANG_WARN_DIRECT_OBJC_ISA_USAGE = YES_ERROR;
				CLANG_WARN_DOCUMENTATION_COMMENTS = YES;
				CLANG_WARN_EMPTY_BODY = YES;
				CLANG_WARN_ENUM_CONVERSION = YES;
				CLANG_WARN_INFINITE_RECURSION = YES;
				CLANG_WARN_INT_CONVERSION = YES;
				CLANG_WARN_NON_LITERAL_NULL_CONVERSION = YES;
				CLANG_WARN_OBJC_IMPLICIT_RETAIN_SELF = YES;
				CLANG_WARN_OBJC_LITERAL_CONVERSION = YES;
				CLANG_WARN_OBJC_ROOT_CLASS = YES_ERROR;
				CLANG_WARN_QUOTED_INCLUDE_IN_FRAMEWORK_HEADER = YES;
				CLANG_WARN_RANGE_LOOP_ANALYSIS = YES;
				CLANG_WARN_STRICT_PROTOTYPES = YES;
				CLANG_WARN_SUSPICIOUS_MOVE = YES;
				CLANG_WARN_UNGUARDED_AVAILABILITY = YES_AGGRESSIVE;
				CLANG_WARN_UNREACHABLE_CODE = YES;
				CLANG_WARN__DUPLICATE_METHOD_MATCH = YES;
				COPY_PHASE_STRIP = NO;
				DEBUG_INFORMATION_FORMAT = dwarf;
				ENABLE_STRICT_OBJC_MSGSEND = YES;
				ENABLE_TESTABILITY = YES;
				GCC_C_LANGUAGE_STANDARD = gnu11;
				GCC_DYNAMIC_NO_PIC = NO;
				GCC_NO_COMMON_BLOCKS = YES;
				GCC_OPTIMIZATION_LEVEL = 0;
				GCC_PREPROCESSOR_DEFINITIONS = (
					"DEBUG=1",
					"$(inherited)",
				);
				GCC_WARN_64_TO_32_BIT_CONVERSION = YES;
				GCC_WARN_ABOUT_RETURN_TYPE = YES_ERROR;
				GCC_WARN_UNDECLARED_SELECTOR = YES;
				GCC_WARN_UNINITIALIZED_AUTOS = YES_AGGRESSIVE;
				GCC_WARN_UNUSED_FUNCTION = YES;
				GCC_WARN_UNUSED_VARIABLE = YES;
				IPHONEOS_DEPLOYMENT_TARGET = 14.3;
				MTL_ENABLE_DEBUG_INFO = INCLUDE_SOURCE;
				MTL_FAST_MATH = YES;
				ONLY_ACTIVE_ARCH = YES;
				SDKROOT = iphoneos;
				SWIFT_ACTIVE_COMPILATION_CONDITIONS = DEBUG;
				SWIFT_OPTIMIZATION_LEVEL = "-Onone";
			};
			name = Debug;
		};
		84994F7C25B5C3F300E22823 /* Release */ = {
			isa = XCBuildConfiguration;
			buildSettings = {
				ALWAYS_SEARCH_USER_PATHS = NO;
				CLANG_ANALYZER_NONNULL = YES;
				CLANG_ANALYZER_NUMBER_OBJECT_CONVERSION = YES_AGGRESSIVE;
				CLANG_CXX_LANGUAGE_STANDARD = "gnu++14";
				CLANG_CXX_LIBRARY = "libc++";
				CLANG_ENABLE_MODULES = YES;
				CLANG_ENABLE_OBJC_ARC = YES;
				CLANG_ENABLE_OBJC_WEAK = YES;
				CLANG_WARN_BLOCK_CAPTURE_AUTORELEASING = YES;
				CLANG_WARN_BOOL_CONVERSION = YES;
				CLANG_WARN_COMMA = YES;
				CLANG_WARN_CONSTANT_CONVERSION = YES;
				CLANG_WARN_DEPRECATED_OBJC_IMPLEMENTATIONS = YES;
				CLANG_WARN_DIRECT_OBJC_ISA_USAGE = YES_ERROR;
				CLANG_WARN_DOCUMENTATION_COMMENTS = YES;
				CLANG_WARN_EMPTY_BODY = YES;
				CLANG_WARN_ENUM_CONVERSION = YES;
				CLANG_WARN_INFINITE_RECURSION = YES;
				CLANG_WARN_INT_CONVERSION = YES;
				CLANG_WARN_NON_LITERAL_NULL_CONVERSION = YES;
				CLANG_WARN_OBJC_IMPLICIT_RETAIN_SELF = YES;
				CLANG_WARN_OBJC_LITERAL_CONVERSION = YES;
				CLANG_WARN_OBJC_ROOT_CLASS = YES_ERROR;
				CLANG_WARN_QUOTED_INCLUDE_IN_FRAMEWORK_HEADER = YES;
				CLANG_WARN_RANGE_LOOP_ANALYSIS = YES;
				CLANG_WARN_STRICT_PROTOTYPES = YES;
				CLANG_WARN_SUSPICIOUS_MOVE = YES;
				CLANG_WARN_UNGUARDED_AVAILABILITY = YES_AGGRESSIVE;
				CLANG_WARN_UNREACHABLE_CODE = YES;
				CLANG_WARN__DUPLICATE_METHOD_MATCH = YES;
				COPY_PHASE_STRIP = NO;
				DEBUG_INFORMATION_FORMAT = "dwarf-with-dsym";
				ENABLE_NS_ASSERTIONS = NO;
				ENABLE_STRICT_OBJC_MSGSEND = YES;
				GCC_C_LANGUAGE_STANDARD = gnu11;
				GCC_NO_COMMON_BLOCKS = YES;
				GCC_WARN_64_TO_32_BIT_CONVERSION = YES;
				GCC_WARN_ABOUT_RETURN_TYPE = YES_ERROR;
				GCC_WARN_UNDECLARED_SELECTOR = YES;
				GCC_WARN_UNINITIALIZED_AUTOS = YES_AGGRESSIVE;
				GCC_WARN_UNUSED_FUNCTION = YES;
				GCC_WARN_UNUSED_VARIABLE = YES;
				IPHONEOS_DEPLOYMENT_TARGET = 14.3;
				MTL_ENABLE_DEBUG_INFO = NO;
				MTL_FAST_MATH = YES;
				SDKROOT = iphoneos;
				SWIFT_COMPILATION_MODE = wholemodule;
				SWIFT_OPTIMIZATION_LEVEL = "-O";
				VALIDATE_PRODUCT = YES;
			};
			name = Release;
		};
		84994F7E25B5C3F300E22823 /* Debug */ = {
			isa = XCBuildConfiguration;
			buildSettings = {
				ASSETCATALOG_COMPILER_APPICON_NAME = AppIcon;
				ASSETCATALOG_COMPILER_GLOBAL_ACCENT_COLOR_NAME = AccentColor;
				CODE_SIGN_STYLE = Automatic;
				DEVELOPMENT_ASSET_PATHS = "\"Movies Carousel/Preview Content\"";
				ENABLE_PREVIEWS = YES;
				INFOPLIST_FILE = "Movies Carousel/Info.plist";
				LD_RUNPATH_SEARCH_PATHS = (
					"$(inherited)",
					"@executable_path/Frameworks",
				);
				PRODUCT_BUNDLE_IDENTIFIER = "Rhidita.Movies-Carousel";
				PRODUCT_NAME = "$(TARGET_NAME)";
				SWIFT_VERSION = 5.0;
				TARGETED_DEVICE_FAMILY = "1,2";
			};
			name = Debug;
		};
		84994F7F25B5C3F300E22823 /* Release */ = {
			isa = XCBuildConfiguration;
			buildSettings = {
				ASSETCATALOG_COMPILER_APPICON_NAME = AppIcon;
				ASSETCATALOG_COMPILER_GLOBAL_ACCENT_COLOR_NAME = AccentColor;
				CODE_SIGN_STYLE = Automatic;
				DEVELOPMENT_ASSET_PATHS = "\"Movies Carousel/Preview Content\"";
				ENABLE_PREVIEWS = YES;
				INFOPLIST_FILE = "Movies Carousel/Info.plist";
				LD_RUNPATH_SEARCH_PATHS = (
					"$(inherited)",
					"@executable_path/Frameworks",
				);
				PRODUCT_BUNDLE_IDENTIFIER = "Rhidita.Movies-Carousel";
				PRODUCT_NAME = "$(TARGET_NAME)";
				SWIFT_VERSION = 5.0;
				TARGETED_DEVICE_FAMILY = "1,2";
			};
			name = Release;
		};
/* End XCBuildConfiguration section */

/* Begin XCConfigurationList section */
		84994F6425B5C3F200E22823 /* Build configuration list for PBXProject "Movies Carousel" */ = {
			isa = XCConfigurationList;
			buildConfigurations = (
				84994F7B25B5C3F300E22823 /* Debug */,
				84994F7C25B5C3F300E22823 /* Release */,
			);
			defaultConfigurationIsVisible = 0;
			defaultConfigurationName = Release;
		};
		84994F7D25B5C3F300E22823 /* Build configuration list for PBXNativeTarget "Movies Carousel" */ = {
			isa = XCConfigurationList;
			buildConfigurations = (
				84994F7E25B5C3F300E22823 /* Debug */,
				84994F7F25B5C3F300E22823 /* Release */,
			);
			defaultConfigurationIsVisible = 0;
			defaultConfigurationName = Release;
		};
/* End XCConfigurationList section */
	};
	rootObject = 84994F6125B5C3F200E22823 /* Project object */;
}
